
Microsoft Visual Studio Solution File, Format Version 12.00
# Visual Studio Version 16
VisualStudioVersion = 16.0.32126.315
MinimumVisualStudioVersion = 10.0.40219.1
Project("{FAE04EC0-301F-11D3-BF4B-00C04F79EFBC}") = "TypesandVariables", "TypesandVariables\TypesandVariables.csproj", "{9E183540-B9A6-444C-8EF6-45DA66A34719}"
EndProject
Project("{FAE04EC0-301F-11D3-BF4B-00C04F79EFBC}") = "Conditionals", "Conditionals\Conditionals.csproj", "{6F899D54-76B8-4B25-9C45-5870F5705F8D}"
EndProject
Project("{FAE04EC0-301F-11D3-BF4B-00C04F79EFBC}") = "Classes2", "Classes2\Classes2.csproj", "{78A5334F-0B65-4EDB-B1E7-220416D378CC}"
EndProject
Project("{FAE04EC0-301F-11D3-BF4B-00C04F79EFBC}") = "Daire", "Daire\Daire.csproj", "{4E826218-EECA-4AB9-BF97-B6778A54AFD2}"
EndProject
Project("{FAE04EC0-301F-11D3-BF4B-00C04F79EFBC}") = "RecapDemo", "RecapDemo\RecapDemo.csproj", "{6685D1DE-81D4-4500-BA35-6EA8C9224035}"
EndProject
Project("{FAE04EC0-301F-11D3-BF4B-00C04F79EFBC}") = "Interfaces", "Interfaces\Interfaces.csproj", "{7662E4F0-049C-4334-B886-A5724D6F8A18}"
EndProject
Project("{FAE04EC0-301F-11D3-BF4B-00C04F79EFBC}") = "InterfacesDemo", "InterfacesDemo\InterfacesDemo.csproj", "{7EC81C10-EA91-4806-8783-2B2123836B6D}"
EndProject
Project("{FAE04EC0-301F-11D3-BF4B-00C04F79EFBC}") = "Inheritance", "Inheritance\Inheritance.csproj", "{FDEBBAFC-2CFB-476D-8061-E5573C44C08A}"
EndProject
Project("{FAE04EC0-301F-11D3-BF4B-00C04F79EFBC}") = "VirtualMethods", "VirtualMethods\VirtualMethods.csproj", "{84E83BB0-A24D-405C-A642-B7EACE7FBA43}"
EndProject
Project("{FAE04EC0-301F-11D3-BF4B-00C04F79EFBC}") = "AbstractClasses", "AbstractClasses\AbstractClasses.csproj", "{3B121127-22A0-40D7-8334-C6A970233275}"
EndProject
Project("{FAE04EC0-301F-11D3-BF4B-00C04F79EFBC}") = "RecapDemo2", "RecapDemo2\RecapDemo2.csproj", "{B31545F0-E0E1-4ADC-826A-1F2DBCD67B3A}"
EndProject
Project("{FAE04EC0-301F-11D3-BF4B-00C04F79EFBC}") = "AccessModifiers", "AccessModifiers\AccessModifiers.csproj", "{CB3CFB3A-5C84-4D2E-93AB-DDFC4C0E7E98}"
EndProject
Project("{FAE04EC0-301F-11D3-BF4B-00C04F79EFBC}") = "Constructors", "Constructors\Constructors.csproj", "{69755F2F-3B69-4EF4-B94E-BC966C8CA2C0}"
EndProject
Global
	GlobalSection(SolutionConfigurationPlatforms) = preSolution
		Debug|Any CPU = Debug|Any CPU
		Release|Any CPU = Release|Any CPU
	EndGlobalSection
	GlobalSection(ProjectConfigurationPlatforms) = postSolution
		{9E183540-B9A6-444C-8EF6-45DA66A34719}.Debug|Any CPU.ActiveCfg = Debug|Any CPU
		{9E183540-B9A6-444C-8EF6-45DA66A34719}.Debug|Any CPU.Build.0 = Debug|Any CPU
		{9E183540-B9A6-444C-8EF6-45DA66A34719}.Release|Any CPU.ActiveCfg = Release|Any CPU
		{9E183540-B9A6-444C-8EF6-45DA66A34719}.Release|Any CPU.Build.0 = Release|Any CPU
		{6F899D54-76B8-4B25-9C45-5870F5705F8D}.Debug|Any CPU.ActiveCfg = Debug|Any CPU
		{6F899D54-76B8-4B25-9C45-5870F5705F8D}.Debug|Any CPU.Build.0 = Debug|Any CPU
		{6F899D54-76B8-4B25-9C45-5870F5705F8D}.Release|Any CPU.ActiveCfg = Release|Any CPU
		{6F899D54-76B8-4B25-9C45-5870F5705F8D}.Release|Any CPU.Build.0 = Release|Any CPU
		{78A5334F-0B65-4EDB-B1E7-220416D378CC}.Debug|Any CPU.ActiveCfg = Debug|Any CPU
		{78A5334F-0B65-4EDB-B1E7-220416D378CC}.Debug|Any CPU.Build.0 = Debug|Any CPU
		{78A5334F-0B65-4EDB-B1E7-220416D378CC}.Release|Any CPU.ActiveCfg = Release|Any CPU
		{78A5334F-0B65-4EDB-B1E7-220416D378CC}.Release|Any CPU.Build.0 = Release|Any CPU
		{4E826218-EECA-4AB9-BF97-B6778A54AFD2}.Debug|Any CPU.ActiveCfg = Debug|Any CPU
		{4E826218-EECA-4AB9-BF97-B6778A54AFD2}.Debug|Any CPU.Build.0 = Debug|Any CPU
		{4E826218-EECA-4AB9-BF97-B6778A54AFD2}.Release|Any CPU.ActiveCfg = Release|Any CPU
		{4E826218-EECA-4AB9-BF97-B6778A54AFD2}.Release|Any CPU.Build.0 = Release|Any CPU
		{6685D1DE-81D4-4500-BA35-6EA8C9224035}.Debug|Any CPU.ActiveCfg = Debug|Any CPU
		{6685D1DE-81D4-4500-BA35-6EA8C9224035}.Debug|Any CPU.Build.0 = Debug|Any CPU
		{6685D1DE-81D4-4500-BA35-6EA8C9224035}.Release|Any CPU.ActiveCfg = Release|Any CPU
		{6685D1DE-81D4-4500-BA35-6EA8C9224035}.Release|Any CPU.Build.0 = Release|Any CPU
		{7662E4F0-049C-4334-B886-A5724D6F8A18}.Debug|Any CPU.ActiveCfg = Debug|Any CPU
		{7662E4F0-049C-4334-B886-A5724D6F8A18}.Debug|Any CPU.Build.0 = Debug|Any CPU
		{7662E4F0-049C-4334-B886-A5724D6F8A18}.Release|Any CPU.ActiveCfg = Release|Any CPU
		{7662E4F0-049C-4334-B886-A5724D6F8A18}.Release|Any CPU.Build.0 = Release|Any CPU
		{7EC81C10-EA91-4806-8783-2B2123836B6D}.Debug|Any CPU.ActiveCfg = Debug|Any CPU
		{7EC81C10-EA91-4806-8783-2B2123836B6D}.Debug|Any CPU.Build.0 = Debug|Any CPU
		{7EC81C10-EA91-4806-8783-2B2123836B6D}.Release|Any CPU.ActiveCfg = Release|Any CPU
		{7EC81C10-EA91-4806-8783-2B2123836B6D}.Release|Any CPU.Build.0 = Release|Any CPU
		{FDEBBAFC-2CFB-476D-8061-E5573C44C08A}.Debug|Any CPU.ActiveCfg = Debug|Any CPU
		{FDEBBAFC-2CFB-476D-8061-E5573C44C08A}.Debug|Any CPU.Build.0 = Debug|Any CPU
		{FDEBBAFC-2CFB-476D-8061-E5573C44C08A}.Release|Any CPU.ActiveCfg = Release|Any CPU
		{FDEBBAFC-2CFB-476D-8061-E5573C44C08A}.Release|Any CPU.Build.0 = Release|Any CPU
		{84E83BB0-A24D-405C-A642-B7EACE7FBA43}.Debug|Any CPU.ActiveCfg = Debug|Any CPU
		{84E83BB0-A24D-405C-A642-B7EACE7FBA43}.Debug|Any CPU.Build.0 = Debug|Any CPU
		{84E83BB0-A24D-405C-A642-B7EACE7FBA43}.Release|Any CPU.ActiveCfg = Release|Any CPU
		{84E83BB0-A24D-405C-A642-B7EACE7FBA43}.Release|Any CPU.Build.0 = Release|Any CPU
		{3B121127-22A0-40D7-8334-C6A970233275}.Debug|Any CPU.ActiveCfg = Debug|Any CPU
		{3B121127-22A0-40D7-8334-C6A970233275}.Debug|Any CPU.Build.0 = Debug|Any CPU
		{3B121127-22A0-40D7-8334-C6A970233275}.Release|Any CPU.ActiveCfg = Release|Any CPU
		{3B121127-22A0-40D7-8334-C6A970233275}.Release|Any CPU.Build.0 = Release|Any CPU
		{B31545F0-E0E1-4ADC-826A-1F2DBCD67B3A}.Debug|Any CPU.ActiveCfg = Debug|Any CPU
		{B31545F0-E0E1-4ADC-826A-1F2DBCD67B3A}.Debug|Any CPU.Build.0 = Debug|Any CPU
		{B31545F0-E0E1-4ADC-826A-1F2DBCD67B3A}.Release|Any CPU.ActiveCfg = Release|Any CPU
		{B31545F0-E0E1-4ADC-826A-1F2DBCD67B3A}.Release|Any CPU.Build.0 = Release|Any CPU
		{CB3CFB3A-5C84-4D2E-93AB-DDFC4C0E7E98}.Debug|Any CPU.ActiveCfg = Debug|Any CPU
		{CB3CFB3A-5C84-4D2E-93AB-DDFC4C0E7E98}.Debug|Any CPU.Build.0 = Debug|Any CPU
		{CB3CFB3A-5C84-4D2E-93AB-DDFC4C0E7E98}.Release|Any CPU.ActiveCfg = Release|Any CPU
		{CB3CFB3A-5C84-4D2E-93AB-DDFC4C0E7E98}.Release|Any CPU.Build.0 = Release|Any CPU
		{69755F2F-3B69-4EF4-B94E-BC966C8CA2C0}.Debug|Any CPU.ActiveCfg = Debug|Any CPU
		{69755F2F-3B69-4EF4-B94E-BC966C8CA2C0}.Debug|Any CPU.Build.0 = Debug|Any CPU
		{69755F2F-3B69-4EF4-B94E-BC966C8CA2C0}.Release|Any CPU.ActiveCfg = Release|Any CPU
		{69755F2F-3B69-4EF4-B94E-BC966C8CA2C0}.Release|Any CPU.Build.0 = Release|Any CPU
	EndGlobalSection
	GlobalSection(SolutionProperties) = preSolution
		HideSolutionNode = FALSE
	EndGlobalSection
	GlobalSection(ExtensibilityGlobals) = postSolution
		SolutionGuid = {6DAEE1FB-CD25-4789-94E7-4DF38E67DD95}
	EndGlobalSection
EndGlobal
